
Microsoft Visual Studio Solution File, Format Version 12.00
# Visual Studio Version 17
VisualStudioVersion = 17.2.32519.379
MinimumVisualStudioVersion = 10.0.40219.1
Project("{8BC9CEB8-8B4A-11D0-8D11-00A0C91BC942}") = "ProgrammingAssignment2", "ProgrammingAssignment2.vcxproj", "{B1F87924-84C8-453E-9C5A-94481175EFBB}"
EndProject
Global
	GlobalSection(SolutionConfigurationPlatforms) = preSolution
		Debug|x64 = Debug|x64
		Debug|x86 = Debug|x86
		Release|x64 = Release|x64
		Release|x86 = Release|x86
	EndGlobalSection
	GlobalSection(ProjectConfigurationPlatforms) = postSolution
		{B1F87924-84C8-453E-9C5A-94481175EFBB}.Debug|x64.ActiveCfg = Debug|x64
		{B1F87924-84C8-453E-9C5A-94481175EFBB}.Debug|x64.Build.0 = Debug|x64
		{B1F87924-84C8-453E-9C5A-94481175EFBB}.Debug|x86.ActiveCfg = Debug|Win32
		{B1F87924-84C8-453E-9C5A-94481175EFBB}.Debug|x86.Build.0 = Debug|Win32
		{B1F87924-84C8-453E-9C5A-94481175EFBB}.Release|x64.ActiveCfg = Release|x64
		{B1F87924-84C8-453E-9C5A-94481175EFBB}.Release|x64.Build.0 = Release|x64
		{B1F87924-84C8-453E-9C5A-94481175EFBB}.Release|x86.ActiveCfg = Release|Win32
		{B1F87924-84C8-453E-9C5A-94481175EFBB}.Release|x86.Build.0 = Release|Win32
	EndGlobalSection
	GlobalSection(SolutionProperties) = preSolution
		HideSolutionNode = FALSE
	EndGlobalSection
	GlobalSection(ExtensibilityGlobals) = postSolution
		SolutionGuid = {41A9B0F9-6258-420D-BEB8-96AAC08EC833}
	EndGlobalSection
EndGlobal
